# THIS IS AN AUTOGENERATED FILE. DO NOT EDIT THIS FILE DIRECTLY.
# yarn lockfile v1


dexie@^3.2.3:
  version "3.2.3"
  resolved "https://registry.yarnpkg.com/dexie/-/dexie-3.2.3.tgz#f35c91ca797599df8e771b998e9ae9669c877f8c"
  integrity sha512-iHayBd4UYryDCVUNa3PMsJMEnd8yjyh5p7a+RFeC8i8n476BC9wMhVvqiImq5zJZJf5Tuer+s4SSj+AA3x+ZbQ==
